github.com/ddkwork/golibrary v0.1.5-0.20250627073414-26b52a7347b5 h1:CQut6rboQQ1W78hU90jJz3mBbR4+n7isOX/k6AvWlHo=
github.com/ddkwork/golibrary v0.1.5-0.20250627073414-26b52a7347b5/go.mod h1:Mz9h57QxktABXdNL99/xoYmUnXoR10BpR7xYnePIibA=
github.com/ddkwork/golibrary v0.1.5-0.20250816073422-ec5c841d4409/go.mod h1:yyF2r9JqdXFccEc+UXD4XGOzbYZfqOiSJAjy58TZQMY=
github.com/google/go-cmp v0.7.0 h1:wk8382ETsv4JYUZwIsn6YpYiWiBsYLSJiTsyBybVuN8=
github.com/google/go-cmp v0.7.0/go.mod h1:pXiqmnSA92OHEEa9HXL2W4E7lf9JzCmGVUdgjX3N/iU=
